
Microsoft Visual Studio Solution File, Format Version 12.00
# Visual Studio 14
VisualStudioVersion = 14.0.25420.1
MinimumVisualStudioVersion = 10.0.40219.1
Project("{FAE04EC0-301F-11D3-BF4B-00C04F79EFBC}") = "ProjectBankieren", "ProjectBankieren\ProjectBankieren.csproj", "{2D138632-2516-4C7F-9433-B4610C7F4D05}"
EndProject
Project("{FAE04EC0-301F-11D3-BF4B-00C04F79EFBC}") = "Businesslayer", "Businesslayer\Businesslayer.csproj", "{188B5D00-D3C6-4B8F-89CF-414E5B0B216F}"
EndProject
Global
	GlobalSection(SolutionConfigurationPlatforms) = preSolution
		Debug|Any CPU = Debug|Any CPU
		Release|Any CPU = Release|Any CPU
	EndGlobalSection
	GlobalSection(ProjectConfigurationPlatforms) = postSolution
		{2D138632-2516-4C7F-9433-B4610C7F4D05}.Debug|Any CPU.ActiveCfg = Debug|Any CPU
		{2D138632-2516-4C7F-9433-B4610C7F4D05}.Debug|Any CPU.Build.0 = Debug|Any CPU
		{2D138632-2516-4C7F-9433-B4610C7F4D05}.Release|Any CPU.ActiveCfg = Release|Any CPU
		{2D138632-2516-4C7F-9433-B4610C7F4D05}.Release|Any CPU.Build.0 = Release|Any CPU
		{188B5D00-D3C6-4B8F-89CF-414E5B0B216F}.Debug|Any CPU.ActiveCfg = Debug|Any CPU
		{188B5D00-D3C6-4B8F-89CF-414E5B0B216F}.Debug|Any CPU.Build.0 = Debug|Any CPU
		{188B5D00-D3C6-4B8F-89CF-414E5B0B216F}.Release|Any CPU.ActiveCfg = Release|Any CPU
		{188B5D00-D3C6-4B8F-89CF-414E5B0B216F}.Release|Any CPU.Build.0 = Release|Any CPU
	EndGlobalSection
	GlobalSection(SolutionProperties) = preSolution
		HideSolutionNode = FALSE
	EndGlobalSection
EndGlobal
